
Microsoft Visual Studio Solution File, Format Version 12.00
# Visual Studio 14
VisualStudioVersion = 14.0.24720.0
MinimumVisualStudioVersion = 10.0.40219.1
Project("{FAE04EC0-301F-11D3-BF4B-00C04F79EFBC}") = "XXY.MessageCenter.DbContext", "XXY.MessageCenter.DbContext\XXY.MessageCenter.DbContext.csproj", "{B906446E-CB03-4106-9DE7-5BA2ED6085DB}"
EndProject
Project("{FAE04EC0-301F-11D3-BF4B-00C04F79EFBC}") = "XXY.MessageCenter.DbEntity", "XXY.MessageCenter.DbEntity\XXY.MessageCenter.DbEntity.csproj", "{891D1F0F-EE9F-4CC4-A2DD-AE7EE8A1108D}"
EndProject
Project("{FAE04EC0-301F-11D3-BF4B-00C04F79EFBC}") = "XXY.MessageCenter.Common", "XXY.MessageCenter.Common\XXY.MessageCenter.Common.csproj", "{5686E8C0-99CE-4285-A661-304C0AF09828}"
EndProject
Project("{FAE04EC0-301F-11D3-BF4B-00C04F79EFBC}") = "XXY.MessageCenter.BizEntity", "XXY.MessageCenter.BizEntity\XXY.MessageCenter.BizEntity.csproj", "{0210DE26-A9E4-4E34-ADB3-5CF6A04F2EA6}"
EndProject
Project("{FAE04EC0-301F-11D3-BF4B-00C04F79EFBC}") = "XXY.MessageCenter.Res", "XXY.MessageCenter.Res\XXY.MessageCenter.Res.csproj", "{09D7A2AD-5AE5-4CA8-8804-C51397D1A641}"
EndProject
Project("{FAE04EC0-301F-11D3-BF4B-00C04F79EFBC}") = "XXY.MessageCenter.Email", "XXY.MessageCenter.Email\XXY.MessageCenter.Email.csproj", "{49EC1DD5-BC19-457C-8164-AF33E1A96320}"
EndProject
Project("{FAE04EC0-301F-11D3-BF4B-00C04F79EFBC}") = "XXY.MessageCenter.Queue", "XXY.MessageCenter.Msmq\XXY.MessageCenter.Queue.csproj", "{D241C2C3-7D15-43FB-AC94-1BA904A2EB03}"
EndProject
Project("{FAE04EC0-301F-11D3-BF4B-00C04F79EFBC}") = "XXY.MessageCenter.QQ", "XXY.MessageCenter.QQ\XXY.MessageCenter.QQ.csproj", "{D01A8C67-C068-43EC-B5C7-CAE1E6578A4D}"
EndProject
Project("{FAE04EC0-301F-11D3-BF4B-00C04F79EFBC}") = "XXY.MessageCenter.ServiceImpl", "XXY.MessageCenter.ServiceImpl\XXY.MessageCenter.ServiceImpl.csproj", "{8D171CE9-B046-4568-81F5-477BFCC4E983}"
EndProject
Project("{FAE04EC0-301F-11D3-BF4B-00C04F79EFBC}") = "XXY.MessageCenter.TxtMsgHub", "XXY.MessageCenter.TxtMsgHub\XXY.MessageCenter.TxtMsgHub.csproj", "{6705DE60-976E-4C03-A3A2-96C1B20DDCCB}"
EndProject
Project("{FAE04EC0-301F-11D3-BF4B-00C04F79EFBC}") = "XXY.MessageCenter.Service", "XXY.MessageCenter.Service\XXY.MessageCenter.Service.csproj", "{134DA23A-714F-491B-B9F6-3F04FD49C525}"
EndProject
Project("{FAE04EC0-301F-11D3-BF4B-00C04F79EFBC}") = "XXY.MessageCenter.IService", "XXY.MessageCenter.IService\XXY.MessageCenter.IService.csproj", "{F6F13880-1044-4F75-BB23-B244DE6CC12D}"
EndProject
Project("{FAE04EC0-301F-11D3-BF4B-00C04F79EFBC}") = "XXY.MessageCenter.WeChat", "XXY.Message.WeChat\XXY.MessageCenter.WeChat.csproj", "{7F665FDB-AC0F-4018-8766-79F8EA9FFEAC}"
EndProject
Project("{FAE04EC0-301F-11D3-BF4B-00C04F79EFBC}") = "XXY.MessageCenter.Sms", "XXY.Message.Sms\XXY.MessageCenter.Sms.csproj", "{FF6EB687-4F99-48EA-B65C-055D20797A4F}"
EndProject
Project("{FAE04EC0-301F-11D3-BF4B-00C04F79EFBC}") = "XXY.MessageCenter.IBiz", "XXY.MessageCenter.IBiz\XXY.MessageCenter.IBiz.csproj", "{290EF4F3-652C-4C3C-B071-38302FFFF292}"
EndProject
Project("{FAE04EC0-301F-11D3-BF4B-00C04F79EFBC}") = "XXY.MessageCenter.Biz", "XXY.MessageCenter.Biz\XXY.MessageCenter.Biz.csproj", "{B9B21B48-D562-42C7-A284-81681BCE6B09}"
EndProject
Project("{FAE04EC0-301F-11D3-BF4B-00C04F79EFBC}") = "XXY.MessageCenter.TemplateParser", "XXY.MessageCenter.TemplateParser\XXY.MessageCenter.TemplateParser.csproj", "{279FD4B9-4482-425A-BDEF-02C4A133391B}"
EndProject
Project("{FAE04EC0-301F-11D3-BF4B-00C04F79EFBC}") = "XXY.MessageCenter.Tests", "XXY.MessageCenter.Tests\XXY.MessageCenter.Tests.csproj", "{ED1C62F9-2643-49ED-9DDC-68D44D6DEDF1}"
EndProject
Project("{FAE04EC0-301F-11D3-BF4B-00C04F79EFBC}") = "XXY.MessageCenter.ProcessedScanner", "XXY.MessageCenter.FailbackScanner\XXY.MessageCenter.ProcessedScanner.csproj", "{42BA2E81-9FCA-4205-BC33-4F3F85917775}"
EndProject
Project("{FAE04EC0-301F-11D3-BF4B-00C04F79EFBC}") = "XXY.MessageCenter", "XXY.MessageCenter\XXY.MessageCenter.csproj", "{0528A4EB-5B32-4923-930E-D7D9096D1278}"
EndProject
Project("{FAE04EC0-301F-11D3-BF4B-00C04F79EFBC}") = "XXY.WxApi", "XXY.WxApi\XXY.WxApi.csproj", "{911A047C-5A2C-4726-B225-77E50240505B}"
EndProject
Project("{2150E333-8FDC-42A3-9474-1A3956D46DE8}") = "Biz", "Biz", "{A5D9ED8E-7725-462C-8E69-588AD2E0D617}"
EndProject
Project("{2150E333-8FDC-42A3-9474-1A3956D46DE8}") = "Handler", "Handler", "{9273397C-F15F-4445-AAA2-AF159AA66865}"
EndProject
Project("{2150E333-8FDC-42A3-9474-1A3956D46DE8}") = "Common", "Common", "{DAC8EEAE-71C1-4EB3-AFD9-B72F398F54D1}"
EndProject
Project("{2150E333-8FDC-42A3-9474-1A3956D46DE8}") = "Data", "Data", "{968E5419-9FD8-4DFB-8BA4-7BAA18960C7F}"
EndProject
Project("{2150E333-8FDC-42A3-9474-1A3956D46DE8}") = "Server", "Server", "{E79A2FAB-374A-4ECA-8919-5B2A992B1D19}"
EndProject
Project("{2150E333-8FDC-42A3-9474-1A3956D46DE8}") = "Site", "Site", "{2BBC0EC1-037D-4E8B-9F20-EC7751888A3D}"
EndProject
Global
	GlobalSection(SolutionConfigurationPlatforms) = preSolution
		Debug|Any CPU = Debug|Any CPU
		Debug|x86 = Debug|x86
		Release|Any CPU = Release|Any CPU
		Release|x86 = Release|x86
	EndGlobalSection
	GlobalSection(ProjectConfigurationPlatforms) = postSolution
		{B906446E-CB03-4106-9DE7-5BA2ED6085DB}.Debug|Any CPU.ActiveCfg = Debug|Any CPU
		{B906446E-CB03-4106-9DE7-5BA2ED6085DB}.Debug|Any CPU.Build.0 = Debug|Any CPU
		{B906446E-CB03-4106-9DE7-5BA2ED6085DB}.Debug|x86.ActiveCfg = Debug|Any CPU
		{B906446E-CB03-4106-9DE7-5BA2ED6085DB}.Debug|x86.Build.0 = Debug|Any CPU
		{B906446E-CB03-4106-9DE7-5BA2ED6085DB}.Release|Any CPU.ActiveCfg = Release|Any CPU
		{B906446E-CB03-4106-9DE7-5BA2ED6085DB}.Release|Any CPU.Build.0 = Release|Any CPU
		{B906446E-CB03-4106-9DE7-5BA2ED6085DB}.Release|x86.ActiveCfg = Release|Any CPU
		{B906446E-CB03-4106-9DE7-5BA2ED6085DB}.Release|x86.Build.0 = Release|Any CPU
		{891D1F0F-EE9F-4CC4-A2DD-AE7EE8A1108D}.Debug|Any CPU.ActiveCfg = Debug|Any CPU
		{891D1F0F-EE9F-4CC4-A2DD-AE7EE8A1108D}.Debug|Any CPU.Build.0 = Debug|Any CPU
		{891D1F0F-EE9F-4CC4-A2DD-AE7EE8A1108D}.Debug|x86.ActiveCfg = Debug|Any CPU
		{891D1F0F-EE9F-4CC4-A2DD-AE7EE8A1108D}.Debug|x86.Build.0 = Debug|Any CPU
		{891D1F0F-EE9F-4CC4-A2DD-AE7EE8A1108D}.Release|Any CPU.ActiveCfg = Release|Any CPU
		{891D1F0F-EE9F-4CC4-A2DD-AE7EE8A1108D}.Release|Any CPU.Build.0 = Release|Any CPU
		{891D1F0F-EE9F-4CC4-A2DD-AE7EE8A1108D}.Release|x86.ActiveCfg = Release|Any CPU
		{891D1F0F-EE9F-4CC4-A2DD-AE7EE8A1108D}.Release|x86.Build.0 = Release|Any CPU
		{5686E8C0-99CE-4285-A661-304C0AF09828}.Debug|Any CPU.ActiveCfg = Debug|Any CPU
		{5686E8C0-99CE-4285-A661-304C0AF09828}.Debug|Any CPU.Build.0 = Debug|Any CPU
		{5686E8C0-99CE-4285-A661-304C0AF09828}.Debug|x86.ActiveCfg = Debug|Any CPU
		{5686E8C0-99CE-4285-A661-304C0AF09828}.Debug|x86.Build.0 = Debug|Any CPU
		{5686E8C0-99CE-4285-A661-304C0AF09828}.Release|Any CPU.ActiveCfg = Release|Any CPU
		{5686E8C0-99CE-4285-A661-304C0AF09828}.Release|Any CPU.Build.0 = Release|Any CPU
		{5686E8C0-99CE-4285-A661-304C0AF09828}.Release|x86.ActiveCfg = Release|Any CPU
		{5686E8C0-99CE-4285-A661-304C0AF09828}.Release|x86.Build.0 = Release|Any CPU
		{0210DE26-A9E4-4E34-ADB3-5CF6A04F2EA6}.Debug|Any CPU.ActiveCfg = Debug|Any CPU
		{0210DE26-A9E4-4E34-ADB3-5CF6A04F2EA6}.Debug|Any CPU.Build.0 = Debug|Any CPU
		{0210DE26-A9E4-4E34-ADB3-5CF6A04F2EA6}.Debug|x86.ActiveCfg = Debug|Any CPU
		{0210DE26-A9E4-4E34-ADB3-5CF6A04F2EA6}.Debug|x86.Build.0 = Debug|Any CPU
		{0210DE26-A9E4-4E34-ADB3-5CF6A04F2EA6}.Release|Any CPU.ActiveCfg = Release|Any CPU
		{0210DE26-A9E4-4E34-ADB3-5CF6A04F2EA6}.Release|Any CPU.Build.0 = Release|Any CPU
		{0210DE26-A9E4-4E34-ADB3-5CF6A04F2EA6}.Release|x86.ActiveCfg = Release|Any CPU
		{0210DE26-A9E4-4E34-ADB3-5CF6A04F2EA6}.Release|x86.Build.0 = Release|Any CPU
		{09D7A2AD-5AE5-4CA8-8804-C51397D1A641}.Debug|Any CPU.ActiveCfg = Debug|Any CPU
		{09D7A2AD-5AE5-4CA8-8804-C51397D1A641}.Debug|Any CPU.Build.0 = Debug|Any CPU
		{09D7A2AD-5AE5-4CA8-8804-C51397D1A641}.Debug|x86.ActiveCfg = Debug|Any CPU
		{09D7A2AD-5AE5-4CA8-8804-C51397D1A641}.Debug|x86.Build.0 = Debug|Any CPU
		{09D7A2AD-5AE5-4CA8-8804-C51397D1A641}.Release|Any CPU.ActiveCfg = Release|Any CPU
		{09D7A2AD-5AE5-4CA8-8804-C51397D1A641}.Release|Any CPU.Build.0 = Release|Any CPU
		{09D7A2AD-5AE5-4CA8-8804-C51397D1A641}.Release|x86.ActiveCfg = Release|Any CPU
		{09D7A2AD-5AE5-4CA8-8804-C51397D1A641}.Release|x86.Build.0 = Release|Any CPU
		{49EC1DD5-BC19-457C-8164-AF33E1A96320}.Debug|Any CPU.ActiveCfg = Debug|Any CPU
		{49EC1DD5-BC19-457C-8164-AF33E1A96320}.Debug|Any CPU.Build.0 = Debug|Any CPU
		{49EC1DD5-BC19-457C-8164-AF33E1A96320}.Debug|x86.ActiveCfg = Debug|Any CPU
		{49EC1DD5-BC19-457C-8164-AF33E1A96320}.Debug|x86.Build.0 = Debug|Any CPU
		{49EC1DD5-BC19-457C-8164-AF33E1A96320}.Release|Any CPU.ActiveCfg = Release|Any CPU
		{49EC1DD5-BC19-457C-8164-AF33E1A96320}.Release|Any CPU.Build.0 = Release|Any CPU
		{49EC1DD5-BC19-457C-8164-AF33E1A96320}.Release|x86.ActiveCfg = Release|Any CPU
		{49EC1DD5-BC19-457C-8164-AF33E1A96320}.Release|x86.Build.0 = Release|Any CPU
		{D241C2C3-7D15-43FB-AC94-1BA904A2EB03}.Debug|Any CPU.ActiveCfg = Debug|Any CPU
		{D241C2C3-7D15-43FB-AC94-1BA904A2EB03}.Debug|Any CPU.Build.0 = Debug|Any CPU
		{D241C2C3-7D15-43FB-AC94-1BA904A2EB03}.Debug|x86.ActiveCfg = Debug|Any CPU
		{D241C2C3-7D15-43FB-AC94-1BA904A2EB03}.Debug|x86.Build.0 = Debug|Any CPU
		{D241C2C3-7D15-43FB-AC94-1BA904A2EB03}.Release|Any CPU.ActiveCfg = Release|Any CPU
		{D241C2C3-7D15-43FB-AC94-1BA904A2EB03}.Release|Any CPU.Build.0 = Release|Any CPU
		{D241C2C3-7D15-43FB-AC94-1BA904A2EB03}.Release|x86.ActiveCfg = Release|Any CPU
		{D241C2C3-7D15-43FB-AC94-1BA904A2EB03}.Release|x86.Build.0 = Release|Any CPU
		{D01A8C67-C068-43EC-B5C7-CAE1E6578A4D}.Debug|Any CPU.ActiveCfg = Debug|Any CPU
		{D01A8C67-C068-43EC-B5C7-CAE1E6578A4D}.Debug|Any CPU.Build.0 = Debug|Any CPU
		{D01A8C67-C068-43EC-B5C7-CAE1E6578A4D}.Debug|x86.ActiveCfg = Debug|Any CPU
		{D01A8C67-C068-43EC-B5C7-CAE1E6578A4D}.Debug|x86.Build.0 = Debug|Any CPU
		{D01A8C67-C068-43EC-B5C7-CAE1E6578A4D}.Release|Any CPU.ActiveCfg = Release|Any CPU
		{D01A8C67-C068-43EC-B5C7-CAE1E6578A4D}.Release|Any CPU.Build.0 = Release|Any CPU
		{D01A8C67-C068-43EC-B5C7-CAE1E6578A4D}.Release|x86.ActiveCfg = Release|Any CPU
		{D01A8C67-C068-43EC-B5C7-CAE1E6578A4D}.Release|x86.Build.0 = Release|Any CPU
		{8D171CE9-B046-4568-81F5-477BFCC4E983}.Debug|Any CPU.ActiveCfg = Debug|Any CPU
		{8D171CE9-B046-4568-81F5-477BFCC4E983}.Debug|Any CPU.Build.0 = Debug|Any CPU
		{8D171CE9-B046-4568-81F5-477BFCC4E983}.Debug|x86.ActiveCfg = Debug|Any CPU
		{8D171CE9-B046-4568-81F5-477BFCC4E983}.Debug|x86.Build.0 = Debug|Any CPU
		{8D171CE9-B046-4568-81F5-477BFCC4E983}.Release|Any CPU.ActiveCfg = Release|Any CPU
		{8D171CE9-B046-4568-81F5-477BFCC4E983}.Release|Any CPU.Build.0 = Release|Any CPU
		{8D171CE9-B046-4568-81F5-477BFCC4E983}.Release|x86.ActiveCfg = Release|Any CPU
		{8D171CE9-B046-4568-81F5-477BFCC4E983}.Release|x86.Build.0 = Release|Any CPU
		{6705DE60-976E-4C03-A3A2-96C1B20DDCCB}.Debug|Any CPU.ActiveCfg = Debug|Any CPU
		{6705DE60-976E-4C03-A3A2-96C1B20DDCCB}.Debug|Any CPU.Build.0 = Debug|Any CPU
		{6705DE60-976E-4C03-A3A2-96C1B20DDCCB}.Debug|x86.ActiveCfg = Debug|Any CPU
		{6705DE60-976E-4C03-A3A2-96C1B20DDCCB}.Debug|x86.Build.0 = Debug|Any CPU
		{6705DE60-976E-4C03-A3A2-96C1B20DDCCB}.Release|Any CPU.ActiveCfg = Release|Any CPU
		{6705DE60-976E-4C03-A3A2-96C1B20DDCCB}.Release|Any CPU.Build.0 = Release|Any CPU
		{6705DE60-976E-4C03-A3A2-96C1B20DDCCB}.Release|x86.ActiveCfg = Release|Any CPU
		{6705DE60-976E-4C03-A3A2-96C1B20DDCCB}.Release|x86.Build.0 = Release|Any CPU
		{134DA23A-714F-491B-B9F6-3F04FD49C525}.Debug|Any CPU.ActiveCfg = Debug|Any CPU
		{134DA23A-714F-491B-B9F6-3F04FD49C525}.Debug|Any CPU.Build.0 = Debug|Any CPU
		{134DA23A-714F-491B-B9F6-3F04FD49C525}.Debug|x86.ActiveCfg = Debug|Any CPU
		{134DA23A-714F-491B-B9F6-3F04FD49C525}.Debug|x86.Build.0 = Debug|Any CPU
		{134DA23A-714F-491B-B9F6-3F04FD49C525}.Release|Any CPU.ActiveCfg = Release|Any CPU
		{134DA23A-714F-491B-B9F6-3F04FD49C525}.Release|Any CPU.Build.0 = Release|Any CPU
		{134DA23A-714F-491B-B9F6-3F04FD49C525}.Release|x86.ActiveCfg = Release|Any CPU
		{134DA23A-714F-491B-B9F6-3F04FD49C525}.Release|x86.Build.0 = Release|Any CPU
		{F6F13880-1044-4F75-BB23-B244DE6CC12D}.Debug|Any CPU.ActiveCfg = Debug|Any CPU
		{F6F13880-1044-4F75-BB23-B244DE6CC12D}.Debug|Any CPU.Build.0 = Debug|Any CPU
		{F6F13880-1044-4F75-BB23-B244DE6CC12D}.Debug|x86.ActiveCfg = Debug|Any CPU
		{F6F13880-1044-4F75-BB23-B244DE6CC12D}.Debug|x86.Build.0 = Debug|Any CPU
		{F6F13880-1044-4F75-BB23-B244DE6CC12D}.Release|Any CPU.ActiveCfg = Release|Any CPU
		{F6F13880-1044-4F75-BB23-B244DE6CC12D}.Release|Any CPU.Build.0 = Release|Any CPU
		{F6F13880-1044-4F75-BB23-B244DE6CC12D}.Release|x86.ActiveCfg = Release|Any CPU
		{F6F13880-1044-4F75-BB23-B244DE6CC12D}.Release|x86.Build.0 = Release|Any CPU
		{7F665FDB-AC0F-4018-8766-79F8EA9FFEAC}.Debug|Any CPU.ActiveCfg = Debug|Any CPU
		{7F665FDB-AC0F-4018-8766-79F8EA9FFEAC}.Debug|Any CPU.Build.0 = Debug|Any CPU
		{7F665FDB-AC0F-4018-8766-79F8EA9FFEAC}.Debug|x86.ActiveCfg = Debug|Any CPU
		{7F665FDB-AC0F-4018-8766-79F8EA9FFEAC}.Debug|x86.Build.0 = Debug|Any CPU
		{7F665FDB-AC0F-4018-8766-79F8EA9FFEAC}.Release|Any CPU.ActiveCfg = Release|Any CPU
		{7F665FDB-AC0F-4018-8766-79F8EA9FFEAC}.Release|Any CPU.Build.0 = Release|Any CPU
		{7F665FDB-AC0F-4018-8766-79F8EA9FFEAC}.Release|x86.ActiveCfg = Release|Any CPU
		{7F665FDB-AC0F-4018-8766-79F8EA9FFEAC}.Release|x86.Build.0 = Release|Any CPU
		{FF6EB687-4F99-48EA-B65C-055D20797A4F}.Debug|Any CPU.ActiveCfg = Debug|Any CPU
		{FF6EB687-4F99-48EA-B65C-055D20797A4F}.Debug|Any CPU.Build.0 = Debug|Any CPU
		{FF6EB687-4F99-48EA-B65C-055D20797A4F}.Debug|x86.ActiveCfg = Debug|Any CPU
		{FF6EB687-4F99-48EA-B65C-055D20797A4F}.Debug|x86.Build.0 = Debug|Any CPU
		{FF6EB687-4F99-48EA-B65C-055D20797A4F}.Release|Any CPU.ActiveCfg = Release|Any CPU
		{FF6EB687-4F99-48EA-B65C-055D20797A4F}.Release|Any CPU.Build.0 = Release|Any CPU
		{FF6EB687-4F99-48EA-B65C-055D20797A4F}.Release|x86.ActiveCfg = Release|Any CPU
		{FF6EB687-4F99-48EA-B65C-055D20797A4F}.Release|x86.Build.0 = Release|Any CPU
		{290EF4F3-652C-4C3C-B071-38302FFFF292}.Debug|Any CPU.ActiveCfg = Debug|Any CPU
		{290EF4F3-652C-4C3C-B071-38302FFFF292}.Debug|Any CPU.Build.0 = Debug|Any CPU
		{290EF4F3-652C-4C3C-B071-38302FFFF292}.Debug|x86.ActiveCfg = Debug|Any CPU
		{290EF4F3-652C-4C3C-B071-38302FFFF292}.Debug|x86.Build.0 = Debug|Any CPU
		{290EF4F3-652C-4C3C-B071-38302FFFF292}.Release|Any CPU.ActiveCfg = Release|Any CPU
		{290EF4F3-652C-4C3C-B071-38302FFFF292}.Release|Any CPU.Build.0 = Release|Any CPU
		{290EF4F3-652C-4C3C-B071-38302FFFF292}.Release|x86.ActiveCfg = Release|Any CPU
		{290EF4F3-652C-4C3C-B071-38302FFFF292}.Release|x86.Build.0 = Release|Any CPU
		{B9B21B48-D562-42C7-A284-81681BCE6B09}.Debug|Any CPU.ActiveCfg = Debug|Any CPU
		{B9B21B48-D562-42C7-A284-81681BCE6B09}.Debug|Any CPU.Build.0 = Debug|Any CPU
		{B9B21B48-D562-42C7-A284-81681BCE6B09}.Debug|x86.ActiveCfg = Debug|Any CPU
		{B9B21B48-D562-42C7-A284-81681BCE6B09}.Debug|x86.Build.0 = Debug|Any CPU
		{B9B21B48-D562-42C7-A284-81681BCE6B09}.Release|Any CPU.ActiveCfg = Release|Any CPU
		{B9B21B48-D562-42C7-A284-81681BCE6B09}.Release|Any CPU.Build.0 = Release|Any CPU
		{B9B21B48-D562-42C7-A284-81681BCE6B09}.Release|x86.ActiveCfg = Release|Any CPU
		{B9B21B48-D562-42C7-A284-81681BCE6B09}.Release|x86.Build.0 = Release|Any CPU
		{279FD4B9-4482-425A-BDEF-02C4A133391B}.Debug|Any CPU.ActiveCfg = Debug|Any CPU
		{279FD4B9-4482-425A-BDEF-02C4A133391B}.Debug|Any CPU.Build.0 = Debug|Any CPU
		{279FD4B9-4482-425A-BDEF-02C4A133391B}.Debug|x86.ActiveCfg = Debug|Any CPU
		{279FD4B9-4482-425A-BDEF-02C4A133391B}.Debug|x86.Build.0 = Debug|Any CPU
		{279FD4B9-4482-425A-BDEF-02C4A133391B}.Release|Any CPU.ActiveCfg = Release|Any CPU
		{279FD4B9-4482-425A-BDEF-02C4A133391B}.Release|Any CPU.Build.0 = Release|Any CPU
		{279FD4B9-4482-425A-BDEF-02C4A133391B}.Release|x86.ActiveCfg = Release|Any CPU
		{279FD4B9-4482-425A-BDEF-02C4A133391B}.Release|x86.Build.0 = Release|Any CPU
		{ED1C62F9-2643-49ED-9DDC-68D44D6DEDF1}.Debug|Any CPU.ActiveCfg = Debug|Any CPU
		{ED1C62F9-2643-49ED-9DDC-68D44D6DEDF1}.Debug|Any CPU.Build.0 = Debug|Any CPU
		{ED1C62F9-2643-49ED-9DDC-68D44D6DEDF1}.Debug|x86.ActiveCfg = Debug|Any CPU
		{ED1C62F9-2643-49ED-9DDC-68D44D6DEDF1}.Debug|x86.Build.0 = Debug|Any CPU
		{ED1C62F9-2643-49ED-9DDC-68D44D6DEDF1}.Release|Any CPU.ActiveCfg = Release|Any CPU
		{ED1C62F9-2643-49ED-9DDC-68D44D6DEDF1}.Release|Any CPU.Build.0 = Release|Any CPU
		{ED1C62F9-2643-49ED-9DDC-68D44D6DEDF1}.Release|x86.ActiveCfg = Release|Any CPU
		{ED1C62F9-2643-49ED-9DDC-68D44D6DEDF1}.Release|x86.Build.0 = Release|Any CPU
		{42BA2E81-9FCA-4205-BC33-4F3F85917775}.Debug|Any CPU.ActiveCfg = Debug|Any CPU
		{42BA2E81-9FCA-4205-BC33-4F3F85917775}.Debug|Any CPU.Build.0 = Debug|Any CPU
		{42BA2E81-9FCA-4205-BC33-4F3F85917775}.Debug|x86.ActiveCfg = Debug|Any CPU
		{42BA2E81-9FCA-4205-BC33-4F3F85917775}.Debug|x86.Build.0 = Debug|Any CPU
		{42BA2E81-9FCA-4205-BC33-4F3F85917775}.Release|Any CPU.ActiveCfg = Release|Any CPU
		{42BA2E81-9FCA-4205-BC33-4F3F85917775}.Release|Any CPU.Build.0 = Release|Any CPU
		{42BA2E81-9FCA-4205-BC33-4F3F85917775}.Release|x86.ActiveCfg = Release|Any CPU
		{42BA2E81-9FCA-4205-BC33-4F3F85917775}.Release|x86.Build.0 = Release|Any CPU
		{0528A4EB-5B32-4923-930E-D7D9096D1278}.Debug|Any CPU.ActiveCfg = Debug|Any CPU
		{0528A4EB-5B32-4923-930E-D7D9096D1278}.Debug|Any CPU.Build.0 = Debug|Any CPU
		{0528A4EB-5B32-4923-930E-D7D9096D1278}.Debug|x86.ActiveCfg = Debug|Any CPU
		{0528A4EB-5B32-4923-930E-D7D9096D1278}.Debug|x86.Build.0 = Debug|Any CPU
		{0528A4EB-5B32-4923-930E-D7D9096D1278}.Release|Any CPU.ActiveCfg = Release|Any CPU
		{0528A4EB-5B32-4923-930E-D7D9096D1278}.Release|Any CPU.Build.0 = Release|Any CPU
		{0528A4EB-5B32-4923-930E-D7D9096D1278}.Release|x86.ActiveCfg = Release|Any CPU
		{0528A4EB-5B32-4923-930E-D7D9096D1278}.Release|x86.Build.0 = Release|Any CPU
		{911A047C-5A2C-4726-B225-77E50240505B}.Debug|Any CPU.ActiveCfg = Debug|Any CPU
		{911A047C-5A2C-4726-B225-77E50240505B}.Debug|Any CPU.Build.0 = Debug|Any CPU
		{911A047C-5A2C-4726-B225-77E50240505B}.Debug|x86.ActiveCfg = Debug|Any CPU
		{911A047C-5A2C-4726-B225-77E50240505B}.Debug|x86.Build.0 = Debug|Any CPU
		{911A047C-5A2C-4726-B225-77E50240505B}.Release|Any CPU.ActiveCfg = Release|Any CPU
		{911A047C-5A2C-4726-B225-77E50240505B}.Release|Any CPU.Build.0 = Release|Any CPU
		{911A047C-5A2C-4726-B225-77E50240505B}.Release|x86.ActiveCfg = Release|Any CPU
		{911A047C-5A2C-4726-B225-77E50240505B}.Release|x86.Build.0 = Release|Any CPU
	EndGlobalSection
	GlobalSection(SolutionProperties) = preSolution
		HideSolutionNode = FALSE
	EndGlobalSection
	GlobalSection(NestedProjects) = preSolution
		{B906446E-CB03-4106-9DE7-5BA2ED6085DB} = {968E5419-9FD8-4DFB-8BA4-7BAA18960C7F}
		{891D1F0F-EE9F-4CC4-A2DD-AE7EE8A1108D} = {968E5419-9FD8-4DFB-8BA4-7BAA18960C7F}
		{5686E8C0-99CE-4285-A661-304C0AF09828} = {DAC8EEAE-71C1-4EB3-AFD9-B72F398F54D1}
		{0210DE26-A9E4-4E34-ADB3-5CF6A04F2EA6} = {968E5419-9FD8-4DFB-8BA4-7BAA18960C7F}
		{09D7A2AD-5AE5-4CA8-8804-C51397D1A641} = {2BBC0EC1-037D-4E8B-9F20-EC7751888A3D}
		{49EC1DD5-BC19-457C-8164-AF33E1A96320} = {9273397C-F15F-4445-AAA2-AF159AA66865}
		{D241C2C3-7D15-43FB-AC94-1BA904A2EB03} = {DAC8EEAE-71C1-4EB3-AFD9-B72F398F54D1}
		{D01A8C67-C068-43EC-B5C7-CAE1E6578A4D} = {9273397C-F15F-4445-AAA2-AF159AA66865}
		{8D171CE9-B046-4568-81F5-477BFCC4E983} = {A5D9ED8E-7725-462C-8E69-588AD2E0D617}
		{6705DE60-976E-4C03-A3A2-96C1B20DDCCB} = {DAC8EEAE-71C1-4EB3-AFD9-B72F398F54D1}
		{134DA23A-714F-491B-B9F6-3F04FD49C525} = {E79A2FAB-374A-4ECA-8919-5B2A992B1D19}
		{F6F13880-1044-4F75-BB23-B244DE6CC12D} = {A5D9ED8E-7725-462C-8E69-588AD2E0D617}
		{7F665FDB-AC0F-4018-8766-79F8EA9FFEAC} = {9273397C-F15F-4445-AAA2-AF159AA66865}
		{FF6EB687-4F99-48EA-B65C-055D20797A4F} = {9273397C-F15F-4445-AAA2-AF159AA66865}
		{290EF4F3-652C-4C3C-B071-38302FFFF292} = {A5D9ED8E-7725-462C-8E69-588AD2E0D617}
		{B9B21B48-D562-42C7-A284-81681BCE6B09} = {A5D9ED8E-7725-462C-8E69-588AD2E0D617}
		{279FD4B9-4482-425A-BDEF-02C4A133391B} = {DAC8EEAE-71C1-4EB3-AFD9-B72F398F54D1}
		{ED1C62F9-2643-49ED-9DDC-68D44D6DEDF1} = {2BBC0EC1-037D-4E8B-9F20-EC7751888A3D}
		{42BA2E81-9FCA-4205-BC33-4F3F85917775} = {DAC8EEAE-71C1-4EB3-AFD9-B72F398F54D1}
		{0528A4EB-5B32-4923-930E-D7D9096D1278} = {2BBC0EC1-037D-4E8B-9F20-EC7751888A3D}
		{911A047C-5A2C-4726-B225-77E50240505B} = {DAC8EEAE-71C1-4EB3-AFD9-B72F398F54D1}
	EndGlobalSection
EndGlobal
